
Microsoft Visual Studio Solution File, Format Version 12.00
# Visual Studio Version 17
VisualStudioVersion = 17.3.32929.385
MinimumVisualStudioVersion = 10.0.40219.1
Project("{FAE04EC0-301F-11D3-BF4B-00C04F79EFBC}") = "PLC_Connection", "PLC_Connection\PLC_Connection.csproj", "{C7CFC45C-D9D4-459F-BF84-F720AAF02FEE}"
EndProject
Global
	GlobalSection(SolutionConfigurationPlatforms) = preSolution
		Debug|Any CPU = Debug|Any CPU
		Release|Any CPU = Release|Any CPU
	EndGlobalSection
	GlobalSection(ProjectConfigurationPlatforms) = postSolution
		{C7CFC45C-D9D4-459F-BF84-F720AAF02FEE}.Debug|Any CPU.ActiveCfg = Debug|Any CPU
		{C7CFC45C-D9D4-459F-BF84-F720AAF02FEE}.Debug|Any CPU.Build.0 = Debug|Any CPU
		{C7CFC45C-D9D4-459F-BF84-F720AAF02FEE}.Release|Any CPU.ActiveCfg = Release|Any CPU
		{C7CFC45C-D9D4-459F-BF84-F720AAF02FEE}.Release|Any CPU.Build.0 = Release|Any CPU
	EndGlobalSection
	GlobalSection(SolutionProperties) = preSolution
		HideSolutionNode = FALSE
	EndGlobalSection
	GlobalSection(ExtensibilityGlobals) = postSolution
		SolutionGuid = {5AA5C5ED-4E23-444B-9A75-CD7D7AA394AD}
	EndGlobalSection
EndGlobal
